Microsoft Visual Studio Solution File, Format Version 12.00
# Visual Studio Version 17
VisualStudioVersion = 17.5.2.0
MinimumVisualStudioVersion = 10.0.40219.1
Project("{FAE04EC0-301F-11D3-BF4B-00C04F79EFBC}") = "PortfolioWeb", "PortfolioWeb.csproj", "{31191366-130D-DD37-1CC7-370F887E9083}"
EndProject
Global
	GlobalSection(SolutionConfigurationPlatforms) = preSolution
		Debug|Any CPU = Debug|Any CPU
		Release|Any CPU = Release|Any CPU
	EndGlobalSection
	GlobalSection(ProjectConfigurationPlatforms) = postSolution
		{31191366-130D-DD37-1CC7-370F887E9083}.Debug|Any CPU.ActiveCfg = Debug|Any CPU
		{31191366-130D-DD37-1CC7-370F887E9083}.Debug|Any CPU.Build.0 = Debug|Any CPU
		{31191366-130D-DD37-1CC7-370F887E9083}.Release|Any CPU.ActiveCfg = Release|Any CPU
		{31191366-130D-DD37-1CC7-370F887E9083}.Release|Any CPU.Build.0 = Release|Any CPU
	EndGlobalSection
	GlobalSection(SolutionProperties) = preSolution
		HideSolutionNode = FALSE
	EndGlobalSection
	GlobalSection(ExtensibilityGlobals) = postSolution
		SolutionGuid = {0D8990B0-CCCC-4AE8-9311-19A6B45EBEB6}
	EndGlobalSection
EndGlobal
